// !$*UTF8*$!
{
	archiveVersion = 1;
	classes = {
	};
	objectVersion = 50;
	objects = {

/* Begin PBXBuildFile section */
		05576F0923F8BCEE00329C94 /* AppDelegate.swift in Sources */ = {isa = PBXBuildFile; fileRef = 05576F0823F8BCEE00329C94 /* AppDelegate.swift */; };
		05576F0B23F8BCEE00329C94 /* SceneDelegate.swift in Sources */ = {isa = PBXBuildFile; fileRef = 05576F0A23F8BCEE00329C94 /* SceneDelegate.swift */; };
		05576F1023F8BCEE00329C94 /* Main.storyboard in Resources */ = {isa = PBXBuildFile; fileRef = 05576F0E23F8BCEE00329C94 /* Main.storyboard */; };
		05576F1223F8BCF100329C94 /* Assets.xcassets in Resources */ = {isa = PBXBuildFile; fileRef = 05576F1123F8BCF100329C94 /* Assets.xcassets */; };
		05576F1523F8BCF100329C94 /* LaunchScreen.storyboard in Resources */ = {isa = PBXBuildFile; fileRef = 05576F1323F8BCF100329C94 /* LaunchScreen.storyboard */; };
		05576F1F23F8BEEF00329C94 /* DetectPencilViewController.swift in Sources */ = {isa = PBXBuildFile; fileRef = 05576F1E23F8BEEF00329C94 /* DetectPencilViewController.swift */; };
		05576F2123F8BF0D00329C94 /* ConnectPeripheralsTableViewController.swift in Sources */ = {isa = PBXBuildFile; fileRef = 05576F2023F8BF0D00329C94 /* ConnectPeripheralsTableViewController.swift */; };
		05576F2323F8C12300329C94 /* ConnectedPeripheralTableViewCell.swift in Sources */ = {isa = PBXBuildFile; fileRef = 05576F2223F8C12300329C94 /* ConnectedPeripheralTableViewCell.swift */; };
		05576F2623F8C1AD00329C94 /* CoreBluetooth.framework in Frameworks */ = {isa = PBXBuildFile; fileRef = 05576F2523F8C1AD00329C94 /* CoreBluetooth.framework */; };
/* End PBXBuildFile section */

/* Begin PBXFileReference section */
		05576F0523F8BCEE00329C94 /* DetectPencil.app */ = {isa = PBXFileReference; explicitFileType = wrapper.application; includeInIndex = 0; path = DetectPencil.app; sourceTree = BUILT_PRODUCTS_DIR; };
		05576F0823F8BCEE00329C94 /* AppDelegate.swift */ = {isa = PBXFileReference; lastKnownFileType = sourcecode.swift; path = AppDelegate.swift; sourceTree = "<group>"; };
		05576F0A23F8BCEE00329C94 /* SceneDelegate.swift */ = {isa = PBXFileReference; lastKnownFileType = sourcecode.swift; path = SceneDelegate.swift; sourceTree = "<group>"; };
		05576F0F23F8BCEE00329C94 /* Base */ = {isa = PBXFileReference; lastKnownFileType = file.storyboard; name = Base; path = Base.lproj/Main.storyboard; sourceTree = "<group>"; };
		05576F1123F8BCF100329C94 /* Assets.xcassets */ = {isa = PBXFileReference; lastKnownFileType = folder.assetcatalog; path = Assets.xcassets; sourceTree = "<group>"; };
		05576F1423F8BCF100329C94 /* Base */ = {isa = PBXFileReference; lastKnownFileType = file.storyboard; name = Base; path = Base.lproj/LaunchScreen.storyboard; sourceTree = "<group>"; };
		05576F1623F8BCF100329C94 /* Info.plist */ = {isa = PBXFileReference; lastKnownFileType = text.plist.xml; path = Info.plist; sourceTree = "<group>"; };
		05576F1E23F8BEEF00329C94 /* DetectPencilViewController.swift */ = {isa = PBXFileReference; lastKnownFileType = sourcecode.swift; path = DetectPencilViewController.swift; sourceTree = "<group>"; };
		05576F2023F8BF0D00329C94 /* ConnectPeripheralsTableViewController.swift */ = {isa = PBXFileReference; lastKnownFileType = sourcecode.swift; path = ConnectPeripheralsTableViewController.swift; sourceTree = "<group>"; };
		05576F2223F8C12300329C94 /* ConnectedPeripheralTableViewCell.swift */ = {isa = PBXFileReference; lastKnownFileType = sourcecode.swift; path = ConnectedPeripheralTableViewCell.swift; sourceTree = "<group>"; };
		05576F2523F8C1AD00329C94 /* CoreBluetooth.framework */ = {isa = PBXFileReference; lastKnownFileType = wrapper.framework; name = CoreBluetooth.framework; path = System/Library/Frameworks/CoreBluetooth.framework; sourceTree = SDKROOT; };
/* End PBXFileReference section */

/* Begin PBXFrameworksBuildPhase section */
		05576F0223F8BCEE00329C94 /* Frameworks */ = {
			isa = PBXFrameworksBuildPhase;
			buildActionMask = 2147483647;
			files = (
				05576F2623F8C1AD00329C94 /* CoreBluetooth.framework in Frameworks */,
			);
			runOnlyForDeploymentPostprocessing = 0;
		};
/* End PBXFrameworksBuildPhase section */

/* Begin PBXGroup section */
		05576EFC23F8BCEE00329C94 = {
			isa = PBXGroup;
			children = (
				05576F0723F8BCEE00329C94 /* DetectPencil */,
				05576F0623F8BCEE00329C94 /* Products */,
				05576F2423F8C1AD00329C94 /* Frameworks */,
			);
			sourceTree = "<group>";
		};
		05576F0623F8BCEE00329C94 /* Products */ = {
			isa = PBXGroup;
			children = (
				05576F0523F8BCEE00329C94 /* DetectPencil.app */,
			);
			name = Products;
			sourceTree = "<group>";
		};
		05576F0723F8BCEE00329C94 /* DetectPencil */ = {
			isa = PBXGroup;
			children = (
				05576F0823F8BCEE00329C94 /* AppDelegate.swift */,
				05576F0A23F8BCEE00329C94 /* SceneDelegate.swift */,
				05576F1E23F8BEEF00329C94 /* DetectPencilViewController.swift */,
				05576F2223F8C12300329C94 /* ConnectedPeripheralTableViewCell.swift */,
				05576F2023F8BF0D00329C94 /* ConnectPeripheralsTableViewController.swift */,
				05576F0E23F8BCEE00329C94 /* Main.storyboard */,
				05576F1123F8BCF100329C94 /* Assets.xcassets */,
				05576F1323F8BCF100329C94 /* LaunchScreen.storyboard */,
				05576F1623F8BCF100329C94 /* Info.plist */,
			);
			path = DetectPencil;
			sourceTree = "<group>";
		};
		05576F2423F8C1AD00329C94 /* Frameworks */ = {
			isa = PBXGroup;
			children = (
				05576F2523F8C1AD00329C94 /* CoreBluetooth.framework */,
			);
			name = Frameworks;
			sourceTree = "<group>";
		};
/* End PBXGroup section */

/* Begin PBXNativeTarget section */
		05576F0423F8BCEE00329C94 /* DetectPencil */ = {
			isa = PBXNativeTarget;
			buildConfigurationList = 05576F1923F8BCF100329C94 /* Build configuration list for PBXNativeTarget "DetectPencil" */;
			buildPhases = (
				05576F0123F8BCEE00329C94 /* Sources */,
				05576F0223F8BCEE00329C94 /* Frameworks */,
				05576F0323F8BCEE00329C94 /* Resources */,
			);
			buildRules = (
			);
			dependencies = (
			);
			name = DetectPencil;
			productName = DetectPencil;
			productReference = 05576F0523F8BCEE00329C94 /* DetectPencil.app */;
			productType = "com.apple.product-type.application";
		};
/* End PBXNativeTarget section */

/* Begin PBXProject section */
		05576EFD23F8BCEE00329C94 /* Project object */ = {
			isa = PBXProject;
			attributes = {
				LastSwiftUpdateCheck = 1130;
				LastUpgradeCheck = 1130;
				ORGANIZATIONNAME = "Troy Stribling";
				TargetAttributes = {
					05576F0423F8BCEE00329C94 = {
						CreatedOnToolsVersion = 11.3.1;
					};
				};
			};
			buildConfigurationList = 05576F0023F8BCEE00329C94 /* Build configuration list for PBXProject "DetectPencil" */;
			compatibilityVersion = "Xcode 9.3";
			developmentRegion = en;
			hasScannedForEncodings = 0;
			knownRegions = (
				en,
				Base,
			);
			mainGroup = 05576EFC23F8BCEE00329C94;
			productRefGroup = 05576F0623F8BCEE00329C94 /* Products */;
			projectDirPath = "";
			projectRoot = "";
			targets = (
				05576F0423F8BCEE00329C94 /* DetectPencil */,
			);
		};
/* End PBXProject section */

/* Begin PBXResourcesBuildPhase section */
		05576F0323F8BCEE00329C94 /* Resources */ = {
			isa = PBXResourcesBuildPhase;
			buildActionMask = 2147483647;
			files = (
				05576F1523F8BCF100329C94 /* LaunchScreen.storyboard in Resources */,
				05576F1223F8BCF100329C94 /* Assets.xcassets in Resources */,
				05576F1023F8BCEE00329C94 /* Main.storyboard in Resources */,
			);
			runOnlyForDeploymentPostprocessing = 0;
		};
/* End PBXResourcesBuildPhase section */

/* Begin PBXSourcesBuildPhase section */
		05576F0123F8BCEE00329C94 /* Sources */ = {
			isa = PBXSourcesBuildPhase;
			buildActionMask = 2147483647;
			files = (
				05576F0923F8BCEE00329C94 /* AppDelegate.swift in Sources */,
				05576F1F23F8BEEF00329C94 /* DetectPencilViewController.swift in Sources */,
				05576F2123F8BF0D00329C94 /* ConnectPeripheralsTableViewController.swift in Sources */,
				05576F2323F8C12300329C94 /* ConnectedPeripheralTableViewCell.swift in Sources */,
				05576F0B23F8BCEE00329C94 /* SceneDelegate.swift in Sources */,
			);
			runOnlyForDeploymentPostprocessing = 0;
		};
/* End PBXSourcesBuildPhase section */

/* Begin PBXVariantGroup section */
		05576F0E23F8BCEE00329C94 /* Main.storyboard */ = {
			isa = PBXVariantGroup;
			children = (
				05576F0F23F8BCEE00329C94 /* Base */,
			);
			name = Main.storyboard;
			sourceTree = "<group>";
		};
		05576F1323F8BCF100329C94 /* LaunchScreen.storyboard */ = {
			isa = PBXVariantGroup;
			children = (
				05576F1423F8BCF100329C94 /* Base */,
			);
			name = LaunchScreen.storyboard;
			sourceTree = "<group>";
		};
/* End PBXVariantGroup section */

/* Begin XCBuildConfiguration section */
		05576F1723F8BCF100329C94 /* Debug */ = {
			isa = XCBuildConfiguration;
			buildSettings = {
				ALWAYS_SEARCH_USER_PATHS = NO;
				CLANG_ANALYZER_NONNULL = YES;
				CLANG_ANALYZER_NUMBER_OBJECT_CONVERSION = YES_AGGRESSIVE;
				CLANG_CXX_LANGUAGE_STANDARD = "gnu++14";
				CLANG_CXX_LIBRARY = "libc++";
				CLANG_ENABLE_MODULES = YES;
				CLANG_ENABLE_OBJC_ARC = YES;
				CLANG_ENABLE_OBJC_WEAK = YES;
				CLANG_WARN_BLOCK_CAPTURE_AUTORELEASING = YES;
				CLANG_WARN_BOOL_CONVERSION = YES;
				CLANG_WARN_COMMA = YES;
				CLANG_WARN_CONSTANT_CONVERSION = YES;
				CLANG_WARN_DEPRECATED_OBJC_IMPLEMENTATIONS = YES;
				CLANG_WARN_DIRECT_OBJC_ISA_USAGE = YES_ERROR;
				CLANG_WARN_DOCUMENTATION_COMMENTS = YES;
				CLANG_WARN_EMPTY_BODY = YES;
				CLANG_WARN_ENUM_CONVERSION = YES;
				CLANG_WARN_INFINITE_RECURSION = YES;
				CLANG_WARN_INT_CONVERSION = YES;
				CLANG_WARN_NON_LITERAL_NULL_CONVERSION = YES;
				CLANG_WARN_OBJC_IMPLICIT_RETAIN_SELF = YES;
				CLANG_WARN_OBJC_LITERAL_CONVERSION = YES;
				CLANG_WARN_OBJC_ROOT_CLASS = YES_ERROR;
				CLANG_WARN_RANGE_LOOP_ANALYSIS = YES;
				CLANG_WARN_STRICT_PROTOTYPES = YES;
				CLANG_WARN_SUSPICIOUS_MOVE = YES;
				CLANG_WARN_UNGUARDED_AVAILABILITY = YES_AGGRESSIVE;
				CLANG_WARN_UNREACHABLE_CODE = YES;
				CLANG_WARN__DUPLICATE_METHOD_MATCH = YES;
				COPY_PHASE_STRIP = NO;
				DEBUG_INFORMATION_FORMAT = dwarf;
				ENABLE_STRICT_OBJC_MSGSEND = YES;
				ENABLE_TESTABILITY = YES;
				GCC_C_LANGUAGE_STANDARD = gnu11;
				GCC_DYNAMIC_NO_PIC = NO;
				GCC_NO_COMMON_BLOCKS = YES;
				GCC_OPTIMIZATION_LEVEL = 0;
				GCC_PREPROCESSOR_DEFINITIONS = (
					"DEBUG=1",
					"$(inherited)",
				);
				GCC_WARN_64_TO_32_BIT_CONVERSION = YES;
				GCC_WARN_ABOUT_RETURN_TYPE = YES_ERROR;
				GCC_WARN_UNDECLARED_SELECTOR = YES;
				GCC_WARN_UNINITIALIZED_AUTOS = YES_AGGRESSIVE;
				GCC_WARN_UNUSED_FUNCTION = YES;
				GCC_WARN_UNUSED_VARIABLE = YES;
				IPHONEOS_DEPLOYMENT_TARGET = 13.2;
				MTL_ENABLE_DEBUG_INFO = INCLUDE_SOURCE;
				MTL_FAST_MATH = YES;
				ONLY_ACTIVE_ARCH = YES;
				SDKROOT = iphoneos;
				SWIFT_ACTIVE_COMPILATION_CONDITIONS = DEBUG;
				SWIFT_OPTIMIZATION_LEVEL = "-Onone";
			};
			name = Debug;
		};
		05576F1823F8BCF100329C94 /* Release */ = {
			isa = XCBuildConfiguration;
			buildSettings = {
				ALWAYS_SEARCH_USER_PATHS = NO;
				CLANG_ANALYZER_NONNULL = YES;
				CLANG_ANALYZER_NUMBER_OBJECT_CONVERSION = YES_AGGRESSIVE;
				CLANG_CXX_LANGUAGE_STANDARD = "gnu++14";
				CLANG_CXX_LIBRARY = "libc++";
				CLANG_ENABLE_MODULES = YES;
				CLANG_ENABLE_OBJC_ARC = YES;
				CLANG_ENABLE_OBJC_WEAK = YES;
				CLANG_WARN_BLOCK_CAPTURE_AUTORELEASING = YES;
				CLANG_WARN_BOOL_CONVERSION = YES;
				CLANG_WARN_COMMA = YES;
				CLANG_WARN_CONSTANT_CONVERSION = YES;
				CLANG_WARN_DEPRECATED_OBJC_IMPLEMENTATIONS = YES;
				CLANG_WARN_DIRECT_OBJC_ISA_USAGE = YES_ERROR;
				CLANG_WARN_DOCUMENTATION_COMMENTS = YES;
				CLANG_WARN_EMPTY_BODY = YES;
				CLANG_WARN_ENUM_CONVERSION = YES;
				CLANG_WARN_INFINITE_RECURSION = YES;
				CLANG_WARN_INT_CONVERSION = YES;
				CLANG_WARN_NON_LITERAL_NULL_CONVERSION = YES;
				CLANG_WARN_OBJC_IMPLICIT_RETAIN_SELF = YES;
				CLANG_WARN_OBJC_LITERAL_CONVERSION = YES;
				CLANG_WARN_OBJC_ROOT_CLASS = YES_ERROR;
				CLANG_WARN_RANGE_LOOP_ANALYSIS = YES;
				CLANG_WARN_STRICT_PROTOTYPES = YES;
				CLANG_WARN_SUSPICIOUS_MOVE = YES;
				CLANG_WARN_UNGUARDED_AVAILABILITY = YES_AGGRESSIVE;
				CLANG_WARN_UNREACHABLE_CODE = YES;
				CLANG_WARN__DUPLICATE_METHOD_MATCH = YES;
				COPY_PHASE_STRIP = NO;
				DEBUG_INFORMATION_FORMAT = "dwarf-with-dsym";
				ENABLE_NS_ASSERTIONS = NO;
				ENABLE_STRICT_OBJC_MSGSEND = YES;
				GCC_C_LANGUAGE_STANDARD = gnu11;
				GCC_NO_COMMON_BLOCKS = YES;
				GCC_WARN_64_TO_32_BIT_CONVERSION = YES;
				GCC_WARN_ABOUT_RETURN_TYPE = YES_ERROR;
				GCC_WARN_UNDECLARED_SELECTOR = YES;
				GCC_WARN_UNINITIALIZED_AUTOS = YES_AGGRESSIVE;
				GCC_WARN_UNUSED_FUNCTION = YES;
				GCC_WARN_UNUSED_VARIABLE = YES;
				IPHONEOS_DEPLOYMENT_TARGET = 13.2;
				MTL_ENABLE_DEBUG_INFO = NO;
				MTL_FAST_MATH = YES;
				SDKROOT = iphoneos;
				SWIFT_COMPILATION_MODE = wholemodule;
				SWIFT_OPTIMIZATION_LEVEL = "-O";
				VALIDATE_PRODUCT = YES;
			};
			name = Release;
		};
		05576F1A23F8BCF100329C94 /* Debug */ = {
			isa = XCBuildConfiguration;
			buildSettings = {
				ASSETCATALOG_COMPILER_APPICON_NAME = AppIcon;
				CODE_SIGN_STYLE = Automatic;
				DEVELOPMENT_TEAM = HZEX459C37;
				INFOPLIST_FILE = DetectPencil/Info.plist;
				LD_RUNPATH_SEARCH_PATHS = (
					"$(inherited)",
					"@executable_path/Frameworks",
				);
				PRODUCT_BUNDLE_IDENTIFIER = gnos.us.DetectPencil;
				PRODUCT_NAME = "$(TARGET_NAME)";
				SWIFT_VERSION = 5.0;
				TARGETED_DEVICE_FAMILY = "1,2";
			};
			name = Debug;
		};
		05576F1B23F8BCF100329C94 /* Release */ = {
			isa = XCBuildConfiguration;
			buildSettings = {
				ASSETCATALOG_COMPILER_APPICON_NAME = AppIcon;
				CODE_SIGN_STYLE = Automatic;
				DEVELOPMENT_TEAM = HZEX459C37;
				INFOPLIST_FILE = DetectPencil/Info.plist;
				LD_RUNPATH_SEARCH_PATHS = (
					"$(inherited)",
					"@executable_path/Frameworks",
				);
				PRODUCT_BUNDLE_IDENTIFIER = gnos.us.DetectPencil;
				PRODUCT_NAME = "$(TARGET_NAME)";
				SWIFT_VERSION = 5.0;
				TARGETED_DEVICE_FAMILY = "1,2";
			};
			name = Release;
		};
/* End XCBuildConfiguration section */

/* Begin XCConfigurationList section */
		05576F0023F8BCEE00329C94 /* Build configuration list for PBXProject "DetectPencil" */ = {
			isa = XCConfigurationList;
			buildConfigurations = (
				05576F1723F8BCF100329C94 /* Debug */,
				05576F1823F8BCF100329C94 /* Release */,
			);
			defaultConfigurationIsVisible = 0;
			defaultConfigurationName = Release;
		};
		05576F1923F8BCF100329C94 /* Build configuration list for PBXNativeTarget "DetectPencil" */ = {
			isa = XCConfigurationList;
			buildConfigurations = (
				05576F1A23F8BCF100329C94 /* Debug */,
				05576F1B23F8BCF100329C94 /* Release */,
			);
			defaultConfigurationIsVisible = 0;
			defaultConfigurationName = Release;
		};
/* End XCConfigurationList section */
	};
	rootObject = 05576EFD23F8BCEE00329C94 /* Project object */;
}
